PODS:
  - Alamofire (4.7.3)
  - HandyJSON (4.2.0)
  - libwebp (1.0.0):
    - libwebp/core (= 1.0.0)
    - libwebp/dec (= 1.0.0)
    - libwebp/demux (= 1.0.0)
    - libwebp/dsp (= 1.0.0)
    - libwebp/enc (= 1.0.0)
    - libwebp/mux (= 1.0.0)
    - libwebp/utils (= 1.0.0)
    - libwebp/webp (= 1.0.0)
  - libwebp/core (1.0.0):
    - libwebp/webp
  - libwebp/dec (1.0.0):
    - libwebp/core
  - libwebp/demux (1.0.0):
    - libwebp/core
  - libwebp/dsp (1.0.0):
    - libwebp/core
  - libwebp/enc (1.0.0):
    - libwebp/core
  - libwebp/mux (1.0.0):
    - libwebp/core
  - libwebp/utils (1.0.0):
    - libwebp/core
  - libwebp/webp (1.0.0)
  - SnapKit (4.2.0)
  - Starscream (3.0.6)

DEPENDENCIES:
  - Alamofire
  - HandyJSON
  - libwebp
  - SnapKit
  - Starscream

SPEC REPOS:
  https://github.com/CocoaPods/Specs.git:
    - Alamofire
    - HandyJSON
    - libwebp
    - SnapKit
    - Starscream

SPEC CHECKSUMS:
  Alamofire: c7287b6e5d7da964a70935e5db17046b7fde6568
  HandyJSON: 9dfc026c7d7adc1f0f8ba8b181495f0e0763b0f4
  libwebp: e0c2a5daf37e99aeccd78bcdfe5587c70cb98572
  SnapKit: fe8a619752f3f27075cc9a90244d75c6c3f27e2a
  Starscream: ef3ece99d765eeccb67de105bfa143f929026cf5

PODFILE CHECKSUM: 148fe3e1609b6355eef80f56da81bc21c88b9cc8

COCOAPODS: 1.5.0
