// !$*UTF8*$!
{
	archiveVersion = 1;
	classes = {
	};
	objectVersion = 50;
	objects = {

/* Begin PBXBuildFile section */
		3BCFE3F82124B5F40070460F /* AppDelegate.m in Sources */ = {isa = PBXBuildFile; fileRef = 3BCFE3F72124B5F40070460F /* AppDelegate.m */; };
		3BCFE3FB2124B5F40070460F /* ViewController.m in Sources */ = {isa = PBXBuildFile; fileRef = 3BCFE3FA2124B5F40070460F /* ViewController.m */; };
		3BCFE3FE2124B5F40070460F /* Main.storyboard in Resources */ = {isa = PBXBuildFile; fileRef = 3BCFE3FC2124B5F40070460F /* Main.storyboard */; };
		3BCFE4002124B5F50070460F /* Assets.xcassets in Resources */ = {isa = PBXBuildFile; fileRef = 3BCFE3FF2124B5F50070460F /* Assets.xcassets */; };
		3BCFE4032124B5F50070460F /* LaunchScreen.storyboard in Resources */ = {isa = PBXBuildFile; fileRef = 3BCFE4012124B5F50070460F /* LaunchScreen.storyboard */; };
		3BCFE4062124B5F50070460F /* main.m in Sources */ = {isa = PBXBuildFile; fileRef = 3BCFE4052124B5F50070460F /* main.m */; };
		3BCFE4102124B5F50070460F /* TestDemoTests.m in Sources */ = {isa = PBXBuildFile; fileRef = 3BCFE40F2124B5F50070460F /* TestDemoTests.m */; };
		3BCFE41B2124B5F60070460F /* TestDemoUITests.m in Sources */ = {isa = PBXBuildFile; fileRef = 3BCFE41A2124B5F60070460F /* TestDemoUITests.m */; };
		3BCFE42B2124B6630070460F /* WebCacheHelpler.m in Sources */ = {isa = PBXBuildFile; fileRef = 3BCFE42A2124B6630070460F /* WebCacheHelpler.m */; };
		3BCFE4362124B6A00070460F /* AwemeListController.m in Sources */ = {isa = PBXBuildFile; fileRef = 3BCFE42D2124B6A00070460F /* AwemeListController.m */; };
		3BCFE4372124B6A00070460F /* AwemeListCell.m in Sources */ = {isa = PBXBuildFile; fileRef = 3BCFE42E2124B6A00070460F /* AwemeListCell.m */; };
		3BCFE4382124B6A00070460F /* AVPlayerView.m in Sources */ = {isa = PBXBuildFile; fileRef = 3BCFE4312124B6A00070460F /* AVPlayerView.m */; };
		3BCFE4392124B6A00070460F /* AVPlayerManager.m in Sources */ = {isa = PBXBuildFile; fileRef = 3BCFE4322124B6A00070460F /* AVPlayerManager.m */; };
		3BCFE43C2124B7070070460F /* NSString+Extension.m in Sources */ = {isa = PBXBuildFile; fileRef = 3BCFE43B2124B7070070460F /* NSString+Extension.m */; };
		3BCFE43E2124B83C0070460F /* awemes.json in Resources */ = {isa = PBXBuildFile; fileRef = 3BCFE43D2124B83C0070460F /* awemes.json */; };
		CE5874C3F503FF49F6CC6768 /* libPods-TestDemo.a in Frameworks */ = {isa = PBXBuildFile; fileRef = B26CDBBD46033462FF7F67B0 /* libPods-TestDemo.a */; };
/* End PBXBuildFile section */

/* Begin PBXContainerItemProxy section */
		3BCFE40C2124B5F50070460F /* PBXContainerItemProxy */ = {
			isa = PBXContainerItemProxy;
			containerPortal = 3BCFE3EB2124B5F40070460F /* Project object */;
			proxyType = 1;
			remoteGlobalIDString = 3BCFE3F22124B5F40070460F;
			remoteInfo = TestDemo;
		};
		3BCFE4172124B5F60070460F /* PBXContainerItemProxy */ = {
			isa = PBXContainerItemProxy;
			containerPortal = 3BCFE3EB2124B5F40070460F /* Project object */;
			proxyType = 1;
			remoteGlobalIDString = 3BCFE3F22124B5F40070460F;
			remoteInfo = TestDemo;
		};
/* End PBXContainerItemProxy section */

/* Begin PBXFileReference section */
		3BCFE3F32124B5F40070460F /* TestDemo.app */ = {isa = PBXFileReference; explicitFileType = wrapper.application; includeInIndex = 0; path = TestDemo.app; sourceTree = BUILT_PRODUCTS_DIR; };
		3BCFE3F62124B5F40070460F /* AppDelegate.h */ = {isa = PBXFileReference; lastKnownFileType = sourcecode.c.h; path = AppDelegate.h; sourceTree = "<group>"; };
		3BCFE3F72124B5F40070460F /* AppDelegate.m */ = {isa = PBXFileReference; lastKnownFileType = sourcecode.c.objc; path = AppDelegate.m; sourceTree = "<group>"; };
		3BCFE3F92124B5F40070460F /* ViewController.h */ = {isa = PBXFileReference; lastKnownFileType = sourcecode.c.h; path = ViewController.h; sourceTree = "<group>"; };
		3BCFE3FA2124B5F40070460F /* ViewController.m */ = {isa = PBXFileReference; lastKnownFileType = sourcecode.c.objc; path = ViewController.m; sourceTree = "<group>"; };
		3BCFE3FD2124B5F40070460F /* Base */ = {isa = PBXFileReference; lastKnownFileType = file.storyboard; name = Base; path = Base.lproj/Main.storyboard; sourceTree = "<group>"; };
		3BCFE3FF2124B5F50070460F /* Assets.xcassets */ = {isa = PBXFileReference; lastKnownFileType = folder.assetcatalog; path = Assets.xcassets; sourceTree = "<group>"; };
		3BCFE4022124B5F50070460F /* Base */ = {isa = PBXFileReference; lastKnownFileType = file.storyboard; name = Base; path = Base.lproj/LaunchScreen.storyboard; sourceTree = "<group>"; };
		3BCFE4042124B5F50070460F /* Info.plist */ = {isa = PBXFileReference; lastKnownFileType = text.plist.xml; path = Info.plist; sourceTree = "<group>"; };
		3BCFE4052124B5F50070460F /* main.m */ = {isa = PBXFileReference; lastKnownFileType = sourcecode.c.objc; path = main.m; sourceTree = "<group>"; };
		3BCFE40B2124B5F50070460F /* TestDemoTests.xctest */ = {isa = PBXFileReference; explicitFileType = wrapper.cfbundle; includeInIndex = 0; path = TestDemoTests.xctest; sourceTree = BUILT_PRODUCTS_DIR; };
		3BCFE40F2124B5F50070460F /* TestDemoTests.m */ = {isa = PBXFileReference; lastKnownFileType = sourcecode.c.objc; path = TestDemoTests.m; sourceTree = "<group>"; };
		3BCFE4112124B5F50070460F /* Info.plist */ = {isa = PBXFileReference; lastKnownFileType = text.plist.xml; path = Info.plist; sourceTree = "<group>"; };
		3BCFE4162124B5F60070460F /* TestDemoUITests.xctest */ = {isa = PBXFileReference; explicitFileType = wrapper.cfbundle; includeInIndex = 0; path = TestDemoUITests.xctest; sourceTree = BUILT_PRODUCTS_DIR; };
		3BCFE41A2124B5F60070460F /* TestDemoUITests.m */ = {isa = PBXFileReference; lastKnownFileType = sourcecode.c.objc; path = TestDemoUITests.m; sourceTree = "<group>"; };
		3BCFE41C2124B5F60070460F /* Info.plist */ = {isa = PBXFileReference; lastKnownFileType = text.plist.xml; path = Info.plist; sourceTree = "<group>"; };
		3BCFE4282124B6630070460F /* WebCacheHelpler.h */ = {isa = PBXFileReference; fileEncoding = 4; lastKnownFileType = sourcecode.c.h; path = WebCacheHelpler.h; sourceTree = "<group>"; };
		3BCFE4292124B6630070460F /* Constants.h */ = {isa = PBXFileReference; fileEncoding = 4; lastKnownFileType = sourcecode.c.h; path = Constants.h; sourceTree = "<group>"; };
		3BCFE42A2124B6630070460F /* WebCacheHelpler.m */ = {isa = PBXFileReference; fileEncoding = 4; lastKnownFileType = sourcecode.c.objc; path = WebCacheHelpler.m; sourceTree = "<group>"; };
		3BCFE42D2124B6A00070460F /* AwemeListController.m */ = {isa = PBXFileReference; fileEncoding = 4; lastKnownFileType = sourcecode.c.objc; path = AwemeListController.m; sourceTree = "<group>"; };
		3BCFE42E2124B6A00070460F /* AwemeListCell.m */ = {isa = PBXFileReference; fileEncoding = 4; lastKnownFileType = sourcecode.c.objc; path = AwemeListCell.m; sourceTree = "<group>"; };
		3BCFE4302124B6A00070460F /* AVPlayerManager.h */ = {isa = PBXFileReference; fileEncoding = 4; lastKnownFileType = sourcecode.c.h; path = AVPlayerManager.h; sourceTree = "<group>"; };
		3BCFE4312124B6A00070460F /* AVPlayerView.m */ = {isa = PBXFileReference; fileEncoding = 4; lastKnownFileType = sourcecode.c.objc; path = AVPlayerView.m; sourceTree = "<group>"; };
		3BCFE4322124B6A00070460F /* AVPlayerManager.m */ = {isa = PBXFileReference; fileEncoding = 4; lastKnownFileType = sourcecode.c.objc; path = AVPlayerManager.m; sourceTree = "<group>"; };
		3BCFE4332124B6A00070460F /* AVPlayerView.h */ = {isa = PBXFileReference; fileEncoding = 4; lastKnownFileType = sourcecode.c.h; path = AVPlayerView.h; sourceTree = "<group>"; };
		3BCFE4342124B6A00070460F /* AwemeListController.h */ = {isa = PBXFileReference; fileEncoding = 4; lastKnownFileType = sourcecode.c.h; path = AwemeListController.h; sourceTree = "<group>"; };
		3BCFE4352124B6A00070460F /* AwemeListCell.h */ = {isa = PBXFileReference; fileEncoding = 4; lastKnownFileType = sourcecode.c.h; path = AwemeListCell.h; sourceTree = "<group>"; };
		3BCFE43A2124B7070070460F /* NSString+Extension.h */ = {isa = PBXFileReference; fileEncoding = 4; lastKnownFileType = sourcecode.c.h; path = "NSString+Extension.h"; sourceTree = "<group>"; };
		3BCFE43B2124B7070070460F /* NSString+Extension.m */ = {isa = PBXFileReference; fileEncoding = 4; lastKnownFileType = sourcecode.c.objc; path = "NSString+Extension.m"; sourceTree = "<group>"; };
		3BCFE43D2124B83C0070460F /* awemes.json */ = {isa = PBXFileReference; fileEncoding = 4; lastKnownFileType = text.json; path = awemes.json; sourceTree = "<group>"; };
		493F93F0620F100A3B9379D1 /* Pods-TestDemo.release.xcconfig */ = {isa = PBXFileReference; includeInIndex = 1; lastKnownFileType = text.xcconfig; name = "Pods-TestDemo.release.xcconfig"; path = "Pods/Target Support Files/Pods-TestDemo/Pods-TestDemo.release.xcconfig"; sourceTree = "<group>"; };
		B26CDBBD46033462FF7F67B0 /* libPods-TestDemo.a */ = {isa = PBXFileReference; explicitFileType = archive.ar; includeInIndex = 0; path = "libPods-TestDemo.a"; sourceTree = BUILT_PRODUCTS_DIR; };
		CC94F34F892FBA46BF1FB3F5 /* Pods-TestDemo.debug.xcconfig */ = {isa = PBXFileReference; includeInIndex = 1; lastKnownFileType = text.xcconfig; name = "Pods-TestDemo.debug.xcconfig"; path = "Pods/Target Support Files/Pods-TestDemo/Pods-TestDemo.debug.xcconfig"; sourceTree = "<group>"; };
/* End PBXFileReference section */

/* Begin PBXFrameworksBuildPhase section */
		3BCFE3F02124B5F40070460F /* Frameworks */ = {
			isa = PBXFrameworksBuildPhase;
			buildActionMask = 2147483647;
			files = (
				CE5874C3F503FF49F6CC6768 /* libPods-TestDemo.a in Frameworks */,
			);
			runOnlyForDeploymentPostprocessing = 0;
		};
		3BCFE4082124B5F50070460F /* Frameworks */ = {
			isa = PBXFrameworksBuildPhase;
			buildActionMask = 2147483647;
			files = (
			);
			runOnlyForDeploymentPostprocessing = 0;
		};
		3BCFE4132124B5F60070460F /* Frameworks */ = {
			isa = PBXFrameworksBuildPhase;
			buildActionMask = 2147483647;
			files = (
			);
			runOnlyForDeploymentPostprocessing = 0;
		};
/* End PBXFrameworksBuildPhase section */

/* Begin PBXGroup section */
		3BCFE3EA2124B5F40070460F = {
			isa = PBXGroup;
			children = (
				3BCFE3F52124B5F40070460F /* TestDemo */,
				3BCFE40E2124B5F50070460F /* TestDemoTests */,
				3BCFE4192124B5F60070460F /* TestDemoUITests */,
				3BCFE3F42124B5F40070460F /* Products */,
				DACCA34160377DD4C5D3E673 /* Pods */,
				88862077645C38F2BB067294 /* Frameworks */,
			);
			sourceTree = "<group>";
		};
		3BCFE3F42124B5F40070460F /* Products */ = {
			isa = PBXGroup;
			children = (
				3BCFE3F32124B5F40070460F /* TestDemo.app */,
				3BCFE40B2124B5F50070460F /* TestDemoTests.xctest */,
				3BCFE4162124B5F60070460F /* TestDemoUITests.xctest */,
			);
			name = Products;
			sourceTree = "<group>";
		};
		3BCFE3F52124B5F40070460F /* TestDemo */ = {
			isa = PBXGroup;
			children = (
				3BCFE43D2124B83C0070460F /* awemes.json */,
				3BCFE42C2124B6A00070460F /* AwemeList */,
				3BCFE4292124B6630070460F /* Constants.h */,
				3BCFE4282124B6630070460F /* WebCacheHelpler.h */,
				3BCFE42A2124B6630070460F /* WebCacheHelpler.m */,
				3BCFE3F62124B5F40070460F /* AppDelegate.h */,
				3BCFE3F72124B5F40070460F /* AppDelegate.m */,
				3BCFE3F92124B5F40070460F /* ViewController.h */,
				3BCFE3FA2124B5F40070460F /* ViewController.m */,
				3BCFE43A2124B7070070460F /* NSString+Extension.h */,
				3BCFE43B2124B7070070460F /* NSString+Extension.m */,
				3BCFE3FC2124B5F40070460F /* Main.storyboard */,
				3BCFE3FF2124B5F50070460F /* Assets.xcassets */,
				3BCFE4012124B5F50070460F /* LaunchScreen.storyboard */,
				3BCFE4042124B5F50070460F /* Info.plist */,
				3BCFE4052124B5F50070460F /* main.m */,
			);
			path = TestDemo;
			sourceTree = "<group>";
		};
		3BCFE40E2124B5F50070460F /* TestDemoTests */ = {
			isa = PBXGroup;
			children = (
				3BCFE40F2124B5F50070460F /* TestDemoTests.m */,
				3BCFE4112124B5F50070460F /* Info.plist */,
			);
			path = TestDemoTests;
			sourceTree = "<group>";
		};
		3BCFE4192124B5F60070460F /* TestDemoUITests */ = {
			isa = PBXGroup;
			children = (
				3BCFE41A2124B5F60070460F /* TestDemoUITests.m */,
				3BCFE41C2124B5F60070460F /* Info.plist */,
			);
			path = TestDemoUITests;
			sourceTree = "<group>";
		};
		3BCFE42C2124B6A00070460F /* AwemeList */ = {
			isa = PBXGroup;
			children = (
				3BCFE42F2124B6A00070460F /* AVPlayer */,
				3BCFE4342124B6A00070460F /* AwemeListController.h */,
				3BCFE42D2124B6A00070460F /* AwemeListController.m */,
				3BCFE4352124B6A00070460F /* AwemeListCell.h */,
				3BCFE42E2124B6A00070460F /* AwemeListCell.m */,
			);
			path = AwemeList;
			sourceTree = "<group>";
		};
		3BCFE42F2124B6A00070460F /* AVPlayer */ = {
			isa = PBXGroup;
			children = (
				3BCFE4302124B6A00070460F /* AVPlayerManager.h */,
				3BCFE4322124B6A00070460F /* AVPlayerManager.m */,
				3BCFE4332124B6A00070460F /* AVPlayerView.h */,
				3BCFE4312124B6A00070460F /* AVPlayerView.m */,
			);
			path = AVPlayer;
			sourceTree = "<group>";
		};
		88862077645C38F2BB067294 /* Frameworks */ = {
			isa = PBXGroup;
			children = (
				B26CDBBD46033462FF7F67B0 /* libPods-TestDemo.a */,
			);
			name = Frameworks;
			sourceTree = "<group>";
		};
		DACCA34160377DD4C5D3E673 /* Pods */ = {
			isa = PBXGroup;
			children = (
				CC94F34F892FBA46BF1FB3F5 /* Pods-TestDemo.debug.xcconfig */,
				493F93F0620F100A3B9379D1 /* Pods-TestDemo.release.xcconfig */,
			);
			name = Pods;
			sourceTree = "<group>";
		};
/* End PBXGroup section */

/* Begin PBXNativeTarget section */
		3BCFE3F22124B5F40070460F /* TestDemo */ = {
			isa = PBXNativeTarget;
			buildConfigurationList = 3BCFE41F2124B5F60070460F /* Build configuration list for PBXNativeTarget "TestDemo" */;
			buildPhases = (
				00C2878A4CFB11326F8BCD35 /* [CP] Check Pods Manifest.lock */,
				3BCFE3EF2124B5F40070460F /* Sources */,
				3BCFE3F02124B5F40070460F /* Frameworks */,
				3BCFE3F12124B5F40070460F /* Resources */,
			);
			buildRules = (
			);
			dependencies = (
			);
			name = TestDemo;
			productName = TestDemo;
			productReference = 3BCFE3F32124B5F40070460F /* TestDemo.app */;
			productType = "com.apple.product-type.application";
		};
		3BCFE40A2124B5F50070460F /* TestDemoTests */ = {
			isa = PBXNativeTarget;
			buildConfigurationList = 3BCFE4222124B5F60070460F /* Build configuration list for PBXNativeTarget "TestDemoTests" */;
			buildPhases = (
				3BCFE4072124B5F50070460F /* Sources */,
				3BCFE4082124B5F50070460F /* Frameworks */,
				3BCFE4092124B5F50070460F /* Resources */,
			);
			buildRules = (
			);
			dependencies = (
				3BCFE40D2124B5F50070460F /* PBXTargetDependency */,
			);
			name = TestDemoTests;
			productName = TestDemoTests;
			productReference = 3BCFE40B2124B5F50070460F /* TestDemoTests.xctest */;
			productType = "com.apple.product-type.bundle.unit-test";
		};
		3BCFE4152124B5F60070460F /* TestDemoUITests */ = {
			isa = PBXNativeTarget;
			buildConfigurationList = 3BCFE4252124B5F60070460F /* Build configuration list for PBXNativeTarget "TestDemoUITests" */;
			buildPhases = (
				3BCFE4122124B5F60070460F /* Sources */,
				3BCFE4132124B5F60070460F /* Frameworks */,
				3BCFE4142124B5F60070460F /* Resources */,
			);
			buildRules = (
			);
			dependencies = (
				3BCFE4182124B5F60070460F /* PBXTargetDependency */,
			);
			name = TestDemoUITests;
			productName = TestDemoUITests;
			productReference = 3BCFE4162124B5F60070460F /* TestDemoUITests.xctest */;
			productType = "com.apple.product-type.bundle.ui-testing";
		};
/* End PBXNativeTarget section */

/* Begin PBXProject section */
		3BCFE3EB2124B5F40070460F /* Project object */ = {
			isa = PBXProject;
			attributes = {
				LastUpgradeCheck = 0940;
				ORGANIZATIONNAME = "Qiao Shi";
				TargetAttributes = {
					3BCFE3F22124B5F40070460F = {
						CreatedOnToolsVersion = 9.4.1;
					};
					3BCFE40A2124B5F50070460F = {
						CreatedOnToolsVersion = 9.4.1;
						TestTargetID = 3BCFE3F22124B5F40070460F;
					};
					3BCFE4152124B5F60070460F = {
						CreatedOnToolsVersion = 9.4.1;
						TestTargetID = 3BCFE3F22124B5F40070460F;
					};
				};
			};
			buildConfigurationList = 3BCFE3EE2124B5F40070460F /* Build configuration list for PBXProject "TestDemo" */;
			compatibilityVersion = "Xcode 9.3";
			developmentRegion = en;
			hasScannedForEncodings = 0;
			knownRegions = (
				en,
				Base,
			);
			mainGroup = 3BCFE3EA2124B5F40070460F;
			productRefGroup = 3BCFE3F42124B5F40070460F /* Products */;
			projectDirPath = "";
			projectRoot = "";
			targets = (
				3BCFE3F22124B5F40070460F /* TestDemo */,
				3BCFE40A2124B5F50070460F /* TestDemoTests */,
				3BCFE4152124B5F60070460F /* TestDemoUITests */,
			);
		};
/* End PBXProject section */

/* Begin PBXResourcesBuildPhase section */
		3BCFE3F12124B5F40070460F /* Resources */ = {
			isa = PBXResourcesBuildPhase;
			buildActionMask = 2147483647;
			files = (
				3BCFE43E2124B83C0070460F /* awemes.json in Resources */,
				3BCFE4032124B5F50070460F /* LaunchScreen.storyboard in Resources */,
				3BCFE4002124B5F50070460F /* Assets.xcassets in Resources */,
				3BCFE3FE2124B5F40070460F /* Main.storyboard in Resources */,
			);
			runOnlyForDeploymentPostprocessing = 0;
		};
		3BCFE4092124B5F50070460F /* Resources */ = {
			isa = PBXResourcesBuildPhase;
			buildActionMask = 2147483647;
			files = (
			);
			runOnlyForDeploymentPostprocessing = 0;
		};
		3BCFE4142124B5F60070460F /* Resources */ = {
			isa = PBXResourcesBuildPhase;
			buildActionMask = 2147483647;
			files = (
			);
			runOnlyForDeploymentPostprocessing = 0;
		};
/* End PBXResourcesBuildPhase section */

/* Begin PBXShellScriptBuildPhase section */
		00C2878A4CFB11326F8BCD35 /* [CP] Check Pods Manifest.lock */ = {
			isa = PBXShellScriptBuildPhase;
			buildActionMask = 2147483647;
			files = (
			);
			inputPaths = (
				"${PODS_PODFILE_DIR_PATH}/Podfile.lock",
				"${PODS_ROOT}/Manifest.lock",
			);
			name = "[CP] Check Pods Manifest.lock";
			outputPaths = (
				"$(DERIVED_FILE_DIR)/Pods-TestDemo-checkManifestLockResult.txt",
			);
			runOnlyForDeploymentPostprocessing = 0;
			shellPath = /bin/sh;
			shellScript = "diff \"${PODS_PODFILE_DIR_PATH}/Podfile.lock\" \"${PODS_ROOT}/Manifest.lock\" > /dev/null\nif [ $? != 0 ] ; then\n    # print error to STDERR\n    echo \"error: The sandbox is not in sync with the Podfile.lock. Run 'pod install' or update your CocoaPods installation.\" >&2\n    exit 1\nfi\n# This output is used by Xcode 'outputs' to avoid re-running this script phase.\necho \"SUCCESS\" > \"${SCRIPT_OUTPUT_FILE_0}\"\n";
			showEnvVarsInLog = 0;
		};
/* End PBXShellScriptBuildPhase section */

/* Begin PBXSourcesBuildPhase section */
		3BCFE3EF2124B5F40070460F /* Sources */ = {
			isa = PBXSourcesBuildPhase;
			buildActionMask = 2147483647;
			files = (
				3BCFE4362124B6A00070460F /* AwemeListController.m in Sources */,
				3BCFE4382124B6A00070460F /* AVPlayerView.m in Sources */,
				3BCFE3FB2124B5F40070460F /* ViewController.m in Sources */,
				3BCFE4392124B6A00070460F /* AVPlayerManager.m in Sources */,
				3BCFE4062124B5F50070460F /* main.m in Sources */,
				3BCFE42B2124B6630070460F /* WebCacheHelpler.m in Sources */,
				3BCFE3F82124B5F40070460F /* AppDelegate.m in Sources */,
				3BCFE43C2124B7070070460F /* NSString+Extension.m in Sources */,
				3BCFE4372124B6A00070460F /* AwemeListCell.m in Sources */,
			);
			runOnlyForDeploymentPostprocessing = 0;
		};
		3BCFE4072124B5F50070460F /* Sources */ = {
			isa = PBXSourcesBuildPhase;
			buildActionMask = 2147483647;
			files = (
				3BCFE4102124B5F50070460F /* TestDemoTests.m in Sources */,
			);
			runOnlyForDeploymentPostprocessing = 0;
		};
		3BCFE4122124B5F60070460F /* Sources */ = {
			isa = PBXSourcesBuildPhase;
			buildActionMask = 2147483647;
			files = (
				3BCFE41B2124B5F60070460F /* TestDemoUITests.m in Sources */,
			);
			runOnlyForDeploymentPostprocessing = 0;
		};
/* End PBXSourcesBuildPhase section */

/* Begin PBXTargetDependency section */
		3BCFE40D2124B5F50070460F /* PBXTargetDependency */ = {
			isa = PBXTargetDependency;
			target = 3BCFE3F22124B5F40070460F /* TestDemo */;
			targetProxy = 3BCFE40C2124B5F50070460F /* PBXContainerItemProxy */;
		};
		3BCFE4182124B5F60070460F /* PBXTargetDependency */ = {
			isa = PBXTargetDependency;
			target = 3BCFE3F22124B5F40070460F /* TestDemo */;
			targetProxy = 3BCFE4172124B5F60070460F /* PBXContainerItemProxy */;
		};
/* End PBXTargetDependency section */

/* Begin PBXVariantGroup section */
		3BCFE3FC2124B5F40070460F /* Main.storyboard */ = {
			isa = PBXVariantGroup;
			children = (
				3BCFE3FD2124B5F40070460F /* Base */,
			);
			name = Main.storyboard;
			sourceTree = "<group>";
		};
		3BCFE4012124B5F50070460F /* LaunchScreen.storyboard */ = {
			isa = PBXVariantGroup;
			children = (
				3BCFE4022124B5F50070460F /* Base */,
			);
			name = LaunchScreen.storyboard;
			sourceTree = "<group>";
		};
/* End PBXVariantGroup section */

/* Begin XCBuildConfiguration section */
		3BCFE41D2124B5F60070460F /* Debug */ = {
			isa = XCBuildConfiguration;
			buildSettings = {
				ALWAYS_SEARCH_USER_PATHS = NO;
				CLANG_ANALYZER_NONNULL = YES;
				CLANG_ANALYZER_NUMBER_OBJECT_CONVERSION = YES_AGGRESSIVE;
				CLANG_CXX_LANGUAGE_STANDARD = "gnu++14";
				CLANG_CXX_LIBRARY = "libc++";
				CLANG_ENABLE_MODULES = YES;
				CLANG_ENABLE_OBJC_ARC = YES;
				CLANG_ENABLE_OBJC_WEAK = YES;
				CLANG_WARN_BLOCK_CAPTURE_AUTORELEASING = YES;
				CLANG_WARN_BOOL_CONVERSION = YES;
				CLANG_WARN_COMMA = YES;
				CLANG_WARN_CONSTANT_CONVERSION = YES;
				CLANG_WARN_DEPRECATED_OBJC_IMPLEMENTATIONS = YES;
				CLANG_WARN_DIRECT_OBJC_ISA_USAGE = YES_ERROR;
				CLANG_WARN_DOCUMENTATION_COMMENTS = YES;
				CLANG_WARN_EMPTY_BODY = YES;
				CLANG_WARN_ENUM_CONVERSION = YES;
				CLANG_WARN_INFINITE_RECURSION = YES;
				CLANG_WARN_INT_CONVERSION = YES;
				CLANG_WARN_NON_LITERAL_NULL_CONVERSION = YES;
				CLANG_WARN_OBJC_IMPLICIT_RETAIN_SELF = YES;
				CLANG_WARN_OBJC_LITERAL_CONVERSION = YES;
				CLANG_WARN_OBJC_ROOT_CLASS = YES_ERROR;
				CLANG_WARN_RANGE_LOOP_ANALYSIS = YES;
				CLANG_WARN_STRICT_PROTOTYPES = YES;
				CLANG_WARN_SUSPICIOUS_MOVE = YES;
				CLANG_WARN_UNGUARDED_AVAILABILITY = YES_AGGRESSIVE;
				CLANG_WARN_UNREACHABLE_CODE = YES;
				CLANG_WARN__DUPLICATE_METHOD_MATCH = YES;
				CODE_SIGN_IDENTITY = "iPhone Developer";
				COPY_PHASE_STRIP = NO;
				DEBUG_INFORMATION_FORMAT = dwarf;
				ENABLE_STRICT_OBJC_MSGSEND = YES;
				ENABLE_TESTABILITY = YES;
				GCC_C_LANGUAGE_STANDARD = gnu11;
				GCC_DYNAMIC_NO_PIC = NO;
				GCC_NO_COMMON_BLOCKS = YES;
				GCC_OPTIMIZATION_LEVEL = 0;
				GCC_PREPROCESSOR_DEFINITIONS = (
					"DEBUG=1",
					"$(inherited)",
				);
				GCC_WARN_64_TO_32_BIT_CONVERSION = YES;
				GCC_WARN_ABOUT_RETURN_TYPE = YES_ERROR;
				GCC_WARN_UNDECLARED_SELECTOR = YES;
				GCC_WARN_UNINITIALIZED_AUTOS = YES_AGGRESSIVE;
				GCC_WARN_UNUSED_FUNCTION = YES;
				GCC_WARN_UNUSED_VARIABLE = YES;
				IPHONEOS_DEPLOYMENT_TARGET = 11.4;
				MTL_ENABLE_DEBUG_INFO = YES;
				ONLY_ACTIVE_ARCH = YES;
				SDKROOT = iphoneos;
			};
			name = Debug;
		};
		3BCFE41E2124B5F60070460F /* Release */ = {
			isa = XCBuildConfiguration;
			buildSettings = {
				ALWAYS_SEARCH_USER_PATHS = NO;
				CLANG_ANALYZER_NONNULL = YES;
				CLANG_ANALYZER_NUMBER_OBJECT_CONVERSION = YES_AGGRESSIVE;
				CLANG_CXX_LANGUAGE_STANDARD = "gnu++14";
				CLANG_CXX_LIBRARY = "libc++";
				CLANG_ENABLE_MODULES = YES;
				CLANG_ENABLE_OBJC_ARC = YES;
				CLANG_ENABLE_OBJC_WEAK = YES;
				CLANG_WARN_BLOCK_CAPTURE_AUTORELEASING = YES;
				CLANG_WARN_BOOL_CONVERSION = YES;
				CLANG_WARN_COMMA = YES;
				CLANG_WARN_CONSTANT_CONVERSION = YES;
				CLANG_WARN_DEPRECATED_OBJC_IMPLEMENTATIONS = YES;
				CLANG_WARN_DIRECT_OBJC_ISA_USAGE = YES_ERROR;
				CLANG_WARN_DOCUMENTATION_COMMENTS = YES;
				CLANG_WARN_EMPTY_BODY = YES;
				CLANG_WARN_ENUM_CONVERSION = YES;
				CLANG_WARN_INFINITE_RECURSION = YES;
				CLANG_WARN_INT_CONVERSION = YES;
				CLANG_WARN_NON_LITERAL_NULL_CONVERSION = YES;
				CLANG_WARN_OBJC_IMPLICIT_RETAIN_SELF = YES;
				CLANG_WARN_OBJC_LITERAL_CONVERSION = YES;
				CLANG_WARN_OBJC_ROOT_CLASS = YES_ERROR;
				CLANG_WARN_RANGE_LOOP_ANALYSIS = YES;
				CLANG_WARN_STRICT_PROTOTYPES = YES;
				CLANG_WARN_SUSPICIOUS_MOVE = YES;
				CLANG_WARN_UNGUARDED_AVAILABILITY = YES_AGGRESSIVE;
				CLANG_WARN_UNREACHABLE_CODE = YES;
				CLANG_WARN__DUPLICATE_METHOD_MATCH = YES;
				CODE_SIGN_IDENTITY = "iPhone Developer";
				COPY_PHASE_STRIP = NO;
				DEBUG_INFORMATION_FORMAT = "dwarf-with-dsym";
				ENABLE_NS_ASSERTIONS = NO;
				ENABLE_STRICT_OBJC_MSGSEND = YES;
				GCC_C_LANGUAGE_STANDARD = gnu11;
				GCC_NO_COMMON_BLOCKS = YES;
				GCC_WARN_64_TO_32_BIT_CONVERSION = YES;
				GCC_WARN_ABOUT_RETURN_TYPE = YES_ERROR;
				GCC_WARN_UNDECLARED_SELECTOR = YES;
				GCC_WARN_UNINITIALIZED_AUTOS = YES_AGGRESSIVE;
				GCC_WARN_UNUSED_FUNCTION = YES;
				GCC_WARN_UNUSED_VARIABLE = YES;
				IPHONEOS_DEPLOYMENT_TARGET = 11.4;
				MTL_ENABLE_DEBUG_INFO = NO;
				SDKROOT = iphoneos;
				VALIDATE_PRODUCT = YES;
			};
			name = Release;
		};
		3BCFE4202124B5F60070460F /* Debug */ = {
			isa = XCBuildConfiguration;
			baseConfigurationReference = CC94F34F892FBA46BF1FB3F5 /* Pods-TestDemo.debug.xcconfig */;
			buildSettings = {
				ASSETCATALOG_COMPILER_APPICON_NAME = AppIcon;
				CODE_SIGN_STYLE = Automatic;
				DEVELOPMENT_TEAM = 6ZMJ9V9VNQ;
				INFOPLIST_FILE = TestDemo/Info.plist;
				IPHONEOS_DEPLOYMENT_TARGET = 8.0;
				LD_RUNPATH_SEARCH_PATHS = (
					"$(inherited)",
					"@executable_path/Frameworks",
				);
				PRODUCT_BUNDLE_IDENTIFIER = com.start.animation;
				PRODUCT_NAME = "$(TARGET_NAME)";
				TARGETED_DEVICE_FAMILY = "1,2";
			};
			name = Debug;
		};
		3BCFE4212124B5F60070460F /* Release */ = {
			isa = XCBuildConfiguration;
			baseConfigurationReference = 493F93F0620F100A3B9379D1 /* Pods-TestDemo.release.xcconfig */;
			buildSettings = {
				ASSETCATALOG_COMPILER_APPICON_NAME = AppIcon;
				CODE_SIGN_STYLE = Automatic;
				DEVELOPMENT_TEAM = 6ZMJ9V9VNQ;
				INFOPLIST_FILE = TestDemo/Info.plist;
				IPHONEOS_DEPLOYMENT_TARGET = 8.0;
				LD_RUNPATH_SEARCH_PATHS = (
					"$(inherited)",
					"@executable_path/Frameworks",
				);
				PRODUCT_BUNDLE_IDENTIFIER = com.start.animation;
				PRODUCT_NAME = "$(TARGET_NAME)";
				TARGETED_DEVICE_FAMILY = "1,2";
			};
			name = Release;
		};
		3BCFE4232124B5F60070460F /* Debug */ = {
			isa = XCBuildConfiguration;
			buildSettings = {
				BUNDLE_LOADER = "$(TEST_HOST)";
				CODE_SIGN_STYLE = Automatic;
				DEVELOPMENT_TEAM = 6ZMJ9V9VNQ;
				INFOPLIST_FILE = TestDemoTests/Info.plist;
				LD_RUNPATH_SEARCH_PATHS = (
					"$(inherited)",
					"@executable_path/Frameworks",
					"@loader_path/Frameworks",
				);
				PRODUCT_BUNDLE_IDENTIFIER = com.start.animation.TestDemoTests;
				PRODUCT_NAME = "$(TARGET_NAME)";
				TARGETED_DEVICE_FAMILY = "1,2";
				TEST_HOST = "$(BUILT_PRODUCTS_DIR)/TestDemo.app/TestDemo";
			};
			name = Debug;
		};
		3BCFE4242124B5F60070460F /* Release */ = {
			isa = XCBuildConfiguration;
			buildSettings = {
				BUNDLE_LOADER = "$(TEST_HOST)";
				CODE_SIGN_STYLE = Automatic;
				DEVELOPMENT_TEAM = 6ZMJ9V9VNQ;
				INFOPLIST_FILE = TestDemoTests/Info.plist;
				LD_RUNPATH_SEARCH_PATHS = (
					"$(inherited)",
					"@executable_path/Frameworks",
					"@loader_path/Frameworks",
				);
				PRODUCT_BUNDLE_IDENTIFIER = com.start.animation.TestDemoTests;
				PRODUCT_NAME = "$(TARGET_NAME)";
				TARGETED_DEVICE_FAMILY = "1,2";
				TEST_HOST = "$(BUILT_PRODUCTS_DIR)/TestDemo.app/TestDemo";
			};
			name = Release;
		};
		3BCFE4262124B5F60070460F /* Debug */ = {
			isa = XCBuildConfiguration;
			buildSettings = {
				CODE_SIGN_STYLE = Automatic;
				DEVELOPMENT_TEAM = 6ZMJ9V9VNQ;
				INFOPLIST_FILE = TestDemoUITests/Info.plist;
				LD_RUNPATH_SEARCH_PATHS = (
					"$(inherited)",
					"@executable_path/Frameworks",
					"@loader_path/Frameworks",
				);
				PRODUCT_BUNDLE_IDENTIFIER = com.start.animation.TestDemoUITests;
				PRODUCT_NAME = "$(TARGET_NAME)";
				TARGETED_DEVICE_FAMILY = "1,2";
				TEST_TARGET_NAME = TestDemo;
			};
			name = Debug;
		};
		3BCFE4272124B5F60070460F /* Release */ = {
			isa = XCBuildConfiguration;
			buildSettings = {
				CODE_SIGN_STYLE = Automatic;
				DEVELOPMENT_TEAM = 6ZMJ9V9VNQ;
				INFOPLIST_FILE = TestDemoUITests/Info.plist;
				LD_RUNPATH_SEARCH_PATHS = (
					"$(inherited)",
					"@executable_path/Frameworks",
					"@loader_path/Frameworks",
				);
				PRODUCT_BUNDLE_IDENTIFIER = com.start.animation.TestDemoUITests;
				PRODUCT_NAME = "$(TARGET_NAME)";
				TARGETED_DEVICE_FAMILY = "1,2";
				TEST_TARGET_NAME = TestDemo;
			};
			name = Release;
		};
/* End XCBuildConfiguration section */

/* Begin XCConfigurationList section */
		3BCFE3EE2124B5F40070460F /* Build configuration list for PBXProject "TestDemo" */ = {
			isa = XCConfigurationList;
			buildConfigurations = (
				3BCFE41D2124B5F60070460F /* Debug */,
				3BCFE41E2124B5F60070460F /* Release */,
			);
			defaultConfigurationIsVisible = 0;
			defaultConfigurationName = Release;
		};
		3BCFE41F2124B5F60070460F /* Build configuration list for PBXNativeTarget "TestDemo" */ = {
			isa = XCConfigurationList;
			buildConfigurations = (
				3BCFE4202124B5F60070460F /* Debug */,
				3BCFE4212124B5F60070460F /* Release */,
			);
			defaultConfigurationIsVisible = 0;
			defaultConfigurationName = Release;
		};
		3BCFE4222124B5F60070460F /* Build configuration list for PBXNativeTarget "TestDemoTests" */ = {
			isa = XCConfigurationList;
			buildConfigurations = (
				3BCFE4232124B5F60070460F /* Debug */,
				3BCFE4242124B5F60070460F /* Release */,
			);
			defaultConfigurationIsVisible = 0;
			defaultConfigurationName = Release;
		};
		3BCFE4252124B5F60070460F /* Build configuration list for PBXNativeTarget "TestDemoUITests" */ = {
			isa = XCConfigurationList;
			buildConfigurations = (
				3BCFE4262124B5F60070460F /* Debug */,
				3BCFE4272124B5F60070460F /* Release */,
			);
			defaultConfigurationIsVisible = 0;
			defaultConfigurationName = Release;
		};
/* End XCConfigurationList section */
	};
	rootObject = 3BCFE3EB2124B5F40070460F /* Project object */;
}
